{
  "name": "@lampajr/scdl-lib",
  "version": "1.0.0",
  "lockfileVersion": 1,
  "requires": true,
  "dependencies": {
    "@lampajr/jsonrpc-lib": {
      "version": "0.1.1",
      "resolved": "https://registry.npmjs.org/@lampajr/jsonrpc-lib/-/jsonrpc-lib-0.1.1.tgz",
      "integrity": "sha512-64/ZxynwvpvIt35744iffkSFDtQXi8zr309VLn2/YRWvBmefUtRwXAFO326nCMo98DJQlhsmCiQba1T+fWDmxQ=="
    }
  }
}
